{
  "lockfileVersion": 1,
  "configVersion": 0,
  "workspaces": {
    "": {
      "name": "@nejcm/ai-config-build",
      "dependencies": {
        "gray-matter": "~4.0.3",
        "zod": "~4.3.6",
      },
      "devDependencies": {
        "@types/bun": "^1.3.11",
        "@types/node": "~24.12.2",
        "oxfmt": "~0.43.0",
        "rimraf": "~6.1.3",
        "tsx": "~4.21.0",
        "typescript": "~5.9.3",
        "zod-to-json-schema": "^3.25.2",
      },
    },
  },
  "packages": {
    "@esbuild/aix-ppc64": ["@esbuild/aix-ppc64@0.27.7", "", { "os": "aix", "cpu": "ppc64" }, "sha512-EKX3Qwmhz1eMdEJokhALr0YiD0lhQNwDqkPYyPhiSwKrh7/4KRjQc04sZ8db+5DVVnZ1LmbNDI1uAMPEUBnQPg=="],

    "@esbuild/android-arm": ["@esbuild/android-arm@0.27.7", "", { "os": "android", "cpu": "arm" }, "sha512-jbPXvB4Yj2yBV7HUfE2KHe4GJX51QplCN1pGbYjvsyCZbQmies29EoJbkEc+vYuU5o45AfQn37vZlyXy4YJ8RQ=="],

    "@esbuild/android-arm64": ["@esbuild/android-arm64@0.27.7", "", { "os": "android", "cpu": "arm64" }, "sha512-62dPZHpIXzvChfvfLJow3q5dDtiNMkwiRzPylSCfriLvZeq0a1bWChrGx/BbUbPwOrsWKMn8idSllklzBy+dgQ=="],

    "@esbuild/android-x64": ["@esbuild/android-x64@0.27.7", "", { "os": "android", "cpu": "x64" }, "sha512-x5VpMODneVDb70PYV2VQOmIUUiBtY3D3mPBG8NxVk5CogneYhkR7MmM3yR/uMdITLrC1ml/NV1rj4bMJuy9MCg=="],

    "@esbuild/darwin-arm64": ["@esbuild/darwin-arm64@0.27.7", "", { "os": "darwin", "cpu": "arm64" }, "sha512-5lckdqeuBPlKUwvoCXIgI2D9/ABmPq3Rdp7IfL70393YgaASt7tbju3Ac+ePVi3KDH6N2RqePfHnXkaDtY9fkw=="],

    "@esbuild/darwin-x64": ["@esbuild/darwin-x64@0.27.7", "", { "os": "darwin", "cpu": "x64" }, "sha512-rYnXrKcXuT7Z+WL5K980jVFdvVKhCHhUwid+dDYQpH+qu+TefcomiMAJpIiC2EM3Rjtq0sO3StMV/+3w3MyyqQ=="],

    "@esbuild/freebsd-arm64": ["@esbuild/freebsd-arm64@0.27.7", "", { "os": "freebsd", "cpu": "arm64" }, "sha512-B48PqeCsEgOtzME2GbNM2roU29AMTuOIN91dsMO30t+Ydis3z/3Ngoj5hhnsOSSwNzS+6JppqWsuhTp6E82l2w=="],

    "@esbuild/freebsd-x64": ["@esbuild/freebsd-x64@0.27.7", "", { "os": "freebsd", "cpu": "x64" }, "sha512-jOBDK5XEjA4m5IJK3bpAQF9/Lelu/Z9ZcdhTRLf4cajlB+8VEhFFRjWgfy3M1O4rO2GQ/b2dLwCUGpiF/eATNQ=="],

    "@esbuild/linux-arm": ["@esbuild/linux-arm@0.27.7", "", { "os": "linux", "cpu": "arm" }, "sha512-RkT/YXYBTSULo3+af8Ib0ykH8u2MBh57o7q/DAs3lTJlyVQkgQvlrPTnjIzzRPQyavxtPtfg0EopvDyIt0j1rA=="],

    "@esbuild/linux-arm64": ["@esbuild/linux-arm64@0.27.7", "", { "os": "linux", "cpu": "arm64" }, "sha512-RZPHBoxXuNnPQO9rvjh5jdkRmVizktkT7TCDkDmQ0W2SwHInKCAV95GRuvdSvA7w4VMwfCjUiPwDi0ZO6Nfe9A=="],

    "@esbuild/linux-ia32": ["@esbuild/linux-ia32@0.27.7", "", { "os": "linux", "cpu": "ia32" }, "sha512-GA48aKNkyQDbd3KtkplYWT102C5sn/EZTY4XROkxONgruHPU72l+gW+FfF8tf2cFjeHaRbWpOYa/uRBz/Xq1Pg=="],

    "@esbuild/linux-loong64": ["@esbuild/linux-loong64@0.27.7", "", { "os": "linux", "cpu": "none" }, "sha512-a4POruNM2oWsD4WKvBSEKGIiWQF8fZOAsycHOt6JBpZ+JN2n2JH9WAv56SOyu9X5IqAjqSIPTaJkqN8F7XOQ5Q=="],

    "@esbuild/linux-mips64el": ["@esbuild/linux-mips64el@0.27.7", "", { "os": "linux", "cpu": "none" }, "sha512-KabT5I6StirGfIz0FMgl1I+R1H73Gp0ofL9A3nG3i/cYFJzKHhouBV5VWK1CSgKvVaG4q1RNpCTR2LuTVB3fIw=="],

    "@esbuild/linux-ppc64": ["@esbuild/linux-ppc64@0.27.7", "", { "os": "linux", "cpu": "ppc64" }, "sha512-gRsL4x6wsGHGRqhtI+ifpN/vpOFTQtnbsupUF5R5YTAg+y/lKelYR1hXbnBdzDjGbMYjVJLJTd2OFmMewAgwlQ=="],

    "@esbuild/linux-riscv64": ["@esbuild/linux-riscv64@0.27.7", "", { "os": "linux", "cpu": "none" }, "sha512-hL25LbxO1QOngGzu2U5xeXtxXcW+/GvMN3ejANqXkxZ/opySAZMrc+9LY/WyjAan41unrR3YrmtTsUpwT66InQ=="],

    "@esbuild/linux-s390x": ["@esbuild/linux-s390x@0.27.7", "", { "os": "linux", "cpu": "s390x" }, "sha512-2k8go8Ycu1Kb46vEelhu1vqEP+UeRVj2zY1pSuPdgvbd5ykAw82Lrro28vXUrRmzEsUV0NzCf54yARIK8r0fdw=="],

    "@esbuild/linux-x64": ["@esbuild/linux-x64@0.27.7", "", { "os": "linux", "cpu": "x64" }, "sha512-hzznmADPt+OmsYzw1EE33ccA+HPdIqiCRq7cQeL1Jlq2gb1+OyWBkMCrYGBJ+sxVzve2ZJEVeePbLM2iEIZSxA=="],

    "@esbuild/netbsd-arm64": ["@esbuild/netbsd-arm64@0.27.7", "", { "os": "none", "cpu": "arm64" }, "sha512-b6pqtrQdigZBwZxAn1UpazEisvwaIDvdbMbmrly7cDTMFnw/+3lVxxCTGOrkPVnsYIosJJXAsILG9XcQS+Yu6w=="],

    "@esbuild/netbsd-x64": ["@esbuild/netbsd-x64@0.27.7", "", { "os": "none", "cpu": "x64" }, "sha512-OfatkLojr6U+WN5EDYuoQhtM+1xco+/6FSzJJnuWiUw5eVcicbyK3dq5EeV/QHT1uy6GoDhGbFpprUiHUYggrw=="],

    "@esbuild/openbsd-arm64": ["@esbuild/openbsd-arm64@0.27.7", "", { "os": "openbsd", "cpu": "arm64" }, "sha512-AFuojMQTxAz75Fo8idVcqoQWEHIXFRbOc1TrVcFSgCZtQfSdc1RXgB3tjOn/krRHENUB4j00bfGjyl2mJrU37A=="],

    "@esbuild/openbsd-x64": ["@esbuild/openbsd-x64@0.27.7", "", { "os": "openbsd", "cpu": "x64" }, "sha512-+A1NJmfM8WNDv5CLVQYJ5PshuRm/4cI6WMZRg1by1GwPIQPCTs1GLEUHwiiQGT5zDdyLiRM/l1G0Pv54gvtKIg=="],

    "@esbuild/openharmony-arm64": ["@esbuild/openharmony-arm64@0.27.7", "", { "os": "none", "cpu": "arm64" }, "sha512-+KrvYb/C8zA9CU/g0sR6w2RBw7IGc5J2BPnc3dYc5VJxHCSF1yNMxTV5LQ7GuKteQXZtspjFbiuW5/dOj7H4Yw=="],

    "@esbuild/sunos-x64": ["@esbuild/sunos-x64@0.27.7", "", { "os": "sunos", "cpu": "x64" }, "sha512-ikktIhFBzQNt/QDyOL580ti9+5mL/YZeUPKU2ivGtGjdTYoqz6jObj6nOMfhASpS4GU4Q/Clh1QtxWAvcYKamA=="],

    "@esbuild/win32-arm64": ["@esbuild/win32-arm64@0.27.7", "", { "os": "win32", "cpu": "arm64" }, "sha512-7yRhbHvPqSpRUV7Q20VuDwbjW5kIMwTHpptuUzV+AA46kiPze5Z7qgt6CLCK3pWFrHeNfDd1VKgyP4O+ng17CA=="],

    "@esbuild/win32-ia32": ["@esbuild/win32-ia32@0.27.7", "", { "os": "win32", "cpu": "ia32" }, "sha512-SmwKXe6VHIyZYbBLJrhOoCJRB/Z1tckzmgTLfFYOfpMAx63BJEaL9ExI8x7v0oAO3Zh6D/Oi1gVxEYr5oUCFhw=="],

    "@esbuild/win32-x64": ["@esbuild/win32-x64@0.27.7", "", { "os": "win32", "cpu": "x64" }, "sha512-56hiAJPhwQ1R4i+21FVF7V8kSD5zZTdHcVuRFMW0hn753vVfQN8xlx4uOPT4xoGH0Z/oVATuR82AiqSTDIpaHg=="],

    "@oxfmt/binding-android-arm-eabi": ["@oxfmt/binding-android-arm-eabi@0.43.0", "", { "os": "android", "cpu": "arm" }, "sha512-CgU2s+/9hHZgo0IxVxrbMPrMj+tJ6VM3mD7Mr/4oiz4FNTISLoCvRmB5nk4wAAle045RtRjd86m673jwPyb1OQ=="],

    "@oxfmt/binding-android-arm64": ["@oxfmt/binding-android-arm64@0.43.0", "", { "os": "android", "cpu": "arm64" }, "sha512-T9OfRwjA/EdYxAqbvR7TtqLv5nIrwPXuCtTwOHtS7aR9uXyn74ZYgzgTo6/ZwvTq9DY4W+DsV09hB2EXgn9EbA=="],

    "@oxfmt/binding-darwin-arm64": ["@oxfmt/binding-darwin-arm64@0.43.0", "", { "os": "darwin", "cpu": "arm64" }, "sha512-o3i49ZUSJWANzXMAAVY1wnqb65hn4JVzwlRQ5qfcwhRzIA8lGVaud31Q3by5ALHPrksp5QEaKCQF9aAS3TXpZA=="],

    "@oxfmt/binding-darwin-x64": ["@oxfmt/binding-darwin-x64@0.43.0", "", { "os": "darwin", "cpu": "x64" }, "sha512-vWECzzCFkb0kK6jaHjbtC5sC3adiNWtqawFCxhpvsWlzVeKmv5bNvkB4nux+o4JKWTpHCM57NDK/MeXt44txmA=="],

    "@oxfmt/binding-freebsd-x64": ["@oxfmt/binding-freebsd-x64@0.43.0", "", { "os": "freebsd", "cpu": "x64" }, "sha512-rgz8JpkKiI/umOf7fl9gwKyQasC8bs5SYHy6g7e4SunfLBY3+8ATcD5caIg8KLGEtKFm5ujKaH8EfjcmnhzTLg=="],

    "@oxfmt/binding-linux-arm-gnueabihf": ["@oxfmt/binding-linux-arm-gnueabihf@0.43.0", "", { "os": "linux", "cpu": "arm" }, "sha512-nWYnF3vIFzT4OM1qL/HSf1Yuj96aBuKWSaObXHSWliwAk2rcj7AWd6Lf7jowEBQMo4wCZVnueIGw/7C4u0KTBQ=="],

    "@oxfmt/binding-linux-arm-musleabihf": ["@oxfmt/binding-linux-arm-musleabihf@0.43.0", "", { "os": "linux", "cpu": "arm" }, "sha512-sFg+NWJbLfupYTF4WELHAPSnLPOn1jiDZ33Z1jfDnTaA+cC3iB35x0FMMZTFdFOz3icRIArncwCcemJFGXu6TQ=="],

    "@oxfmt/binding-linux-arm64-gnu": ["@oxfmt/binding-linux-arm64-gnu@0.43.0", "", { "os": "linux", "cpu": "arm64" }, "sha512-MelWqv68tX6wZEILDrTc9yewiGXe7im62+5x0bNXlCYFOZdA+VnYiJfAihbROsZ5fm90p9C3haFrqjj43XnlAA=="],

    "@oxfmt/binding-linux-arm64-musl": ["@oxfmt/binding-linux-arm64-musl@0.43.0", "", { "os": "linux", "cpu": "arm64" }, "sha512-ROaWfYh+6BSJ1Arwy5ujijTlwnZetxDxzBpDc1oBR4d7rfrPBqzeyjd5WOudowzQUgyavl2wEpzn1hw3jWcqLA=="],

    "@oxfmt/binding-linux-ppc64-gnu": ["@oxfmt/binding-linux-ppc64-gnu@0.43.0", "", { "os": "linux", "cpu": "ppc64" }, "sha512-PJRs/uNxmFipJJ8+SyKHh7Y7VZIKQicqrrBzvfyM5CtKi8D7yZKTwUOZV3ffxmiC2e7l1SDJpkBEOyue5NAFsg=="],

    "@oxfmt/binding-linux-riscv64-gnu": ["@oxfmt/binding-linux-riscv64-gnu@0.43.0", "", { "os": "linux", "cpu": "none" }, "sha512-j6biGAgzIhj+EtHXlbNumvwG7XqOIdiU4KgIWRXAEj/iUbHKukKW8eXa4MIwpQwW1YkxovduKtzEAPnjlnAhVQ=="],

    "@oxfmt/binding-linux-riscv64-musl": ["@oxfmt/binding-linux-riscv64-musl@0.43.0", "", { "os": "linux", "cpu": "none" }, "sha512-RYWxAcslKxvy7yri24Xm9cmD0RiANaiEPs007EFG6l9h1ChM69Q5SOzACaCoz4Z9dEplnhhneeBaTWMEdpgIbA=="],

    "@oxfmt/binding-linux-s390x-gnu": ["@oxfmt/binding-linux-s390x-gnu@0.43.0", "", { "os": "linux", "cpu": "s390x" }, "sha512-DT6Q8zfQQy3jxpezAsBACEHNUUixKSYTwdXeXojNHe4DQOoxjPdjr3Szu6BRNjxLykZM/xMNmp9ElOIyDppwtw=="],

    "@oxfmt/binding-linux-x64-gnu": ["@oxfmt/binding-linux-x64-gnu@0.43.0", "", { "os": "linux", "cpu": "x64" }, "sha512-R8Yk7iYcuZORXmCfFZClqbDxRZgZ9/HEidUuBNdoX8Ptx07cMePnMVJ/woB84lFIDjh2ROHVaOP40Ds3rBXFqg=="],

    "@oxfmt/binding-linux-x64-musl": ["@oxfmt/binding-linux-x64-musl@0.43.0", "", { "os": "linux", "cpu": "x64" }, "sha512-F2YYqyvnQNvi320RWZNAvsaWEHwmW3k4OwNJ1hZxRKXupY63expbBaNp6jAgvYs7y/g546vuQnGHQuCBhslhLQ=="],

    "@oxfmt/binding-openharmony-arm64": ["@oxfmt/binding-openharmony-arm64@0.43.0", "", { "os": "none", "cpu": "arm64" }, "sha512-OE6TdietLXV3F6c7pNIhx/9YC1/2YFwjU9DPc/fbjxIX19hNIaP1rS0cFjCGJlGX+cVJwIKWe8Mos+LdQ1yAJw=="],

    "@oxfmt/binding-win32-arm64-msvc": ["@oxfmt/binding-win32-arm64-msvc@0.43.0", "", { "os": "win32", "cpu": "arm64" }, "sha512-0nWK6a7pGkbdoypfVicmV9k/N1FwjPZENoqhlTU+5HhZnAhpIO3za30nEE33u6l6tuy9OVfpdXUqxUgZ+4lbZw=="],

    "@oxfmt/binding-win32-ia32-msvc": ["@oxfmt/binding-win32-ia32-msvc@0.43.0", "", { "os": "win32", "cpu": "ia32" }, "sha512-9aokTR4Ft+tRdvgN/pKzSkVy2ksc4/dCpDm9L/xFrbIw0yhLtASLbvoG/5WOTUh/BRPPnfGTsWznEqv0dlOmhA=="],

    "@oxfmt/binding-win32-x64-msvc": ["@oxfmt/binding-win32-x64-msvc@0.43.0", "", { "os": "win32", "cpu": "x64" }, "sha512-4bPgdQux2ZLWn3bf2TTXXMHcJB4lenmuxrLqygPmvCJ104Yqzj1UctxSRzR31TiJ4MLaG22RK8dUsVpJtrCz5g=="],

    "@types/bun": ["@types/bun@1.3.11", "", { "dependencies": { "bun-types": "1.3.11" } }, "sha512-5vPne5QvtpjGpsGYXiFyycfpDF2ECyPcTSsFBMa0fraoxiQyMJ3SmuQIGhzPg2WJuWxVBoxWJ2kClYTcw/4fAg=="],

    "@types/node": ["@types/node@24.12.2", "", { "dependencies": { "undici-types": "~7.16.0" } }, "sha512-A1sre26ke7HDIuY/M23nd9gfB+nrmhtYyMINbjI1zHJxYteKR6qSMX56FsmjMcDb3SMcjJg5BiRRgOCC/yBD0g=="],

    "argparse": ["argparse@1.0.10", "", { "dependencies": { "sprintf-js": "~1.0.2" } }, "sha512-o5Roy6tNG4SL/FOkCAN6RzjiakZS25RLYFrcMttJqbdd8BWrnA+fGz57iN5Pb06pvBGvl5gQ0B48dJlslXvoTg=="],

    "balanced-match": ["balanced-match@4.0.4", "", {}, "sha512-BLrgEcRTwX2o6gGxGOCNyMvGSp35YofuYzw9h1IMTRmKqttAZZVU67bdb9Pr2vUHA8+j3i2tJfjO6C6+4myGTA=="],

    "brace-expansion": ["brace-expansion@5.0.5", "", { "dependencies": { "balanced-match": "^4.0.2" } }, "sha512-VZznLgtwhn+Mact9tfiwx64fA9erHH/MCXEUfB/0bX/6Fz6ny5EGTXYltMocqg4xFAQZtnO3DHWWXi8RiuN7cQ=="],

    "bun-types": ["bun-types@1.3.11", "", { "dependencies": { "@types/node": "*" } }, "sha512-1KGPpoxQWl9f6wcZh57LvrPIInQMn2TQ7jsgxqpRzg+l0QPOFvJVH7HmvHo/AiPgwXy+/Thf6Ov3EdVn1vOabg=="],

    "esbuild": ["esbuild@0.27.7", "", { "optionalDependencies": { "@esbuild/aix-ppc64": "0.27.7", "@esbuild/android-arm": "0.27.7", "@esbuild/android-arm64": "0.27.7", "@esbuild/android-x64": "0.27.7", "@esbuild/darwin-arm64": "0.27.7", "@esbuild/darwin-x64": "0.27.7", "@esbuild/freebsd-arm64": "0.27.7", "@esbuild/freebsd-x64": "0.27.7", "@esbuild/linux-arm": "0.27.7", "@esbuild/linux-arm64": "0.27.7", "@esbuild/linux-ia32": "0.27.7", "@esbuild/linux-loong64": "0.27.7", "@esbuild/linux-mips64el": "0.27.7", "@esbuild/linux-ppc64": "0.27.7", "@esbuild/linux-riscv64": "0.27.7", "@esbuild/linux-s390x": "0.27.7", "@esbuild/linux-x64": "0.27.7", "@esbuild/netbsd-arm64": "0.27.7", "@esbuild/netbsd-x64": "0.27.7", "@esbuild/openbsd-arm64": "0.27.7", "@esbuild/openbsd-x64": "0.27.7", "@esbuild/openharmony-arm64": "0.27.7", "@esbuild/sunos-x64": "0.27.7", "@esbuild/win32-arm64": "0.27.7", "@esbuild/win32-ia32": "0.27.7", "@esbuild/win32-x64": "0.27.7" }, "bin": "bin/esbuild" }, "sha512-IxpibTjyVnmrIQo5aqNpCgoACA/dTKLTlhMHihVHhdkxKyPO1uBBthumT0rdHmcsk9uMonIWS0m4FljWzILh3w=="],

    "esprima": ["esprima@4.0.1", "", { "bin": { "esparse": "bin/esparse.js", "esvalidate": "bin/esvalidate.js" } }, "sha512-eGuFFw7Upda+g4p+QHvnW0RyTX/SVeJBDM/gCtMARO0cLuT2HcEKnTPvhjV6aGeqrCB/sbNop0Kszm0jsaWU4A=="],

    "extend-shallow": ["extend-shallow@2.0.1", "", { "dependencies": { "is-extendable": "^0.1.0" } }, "sha512-zCnTtlxNoAiDc3gqY2aYAWFx7XWWiasuF2K8Me5WbN8otHKTUKBwjPtNpRs/rbUZm7KxWAaNj7P1a/p52GbVug=="],

    "fsevents": ["fsevents@2.3.3", "", { "os": "darwin" }, "sha512-5xoDfX+fL7faATnagmWPpbFtwh/R77WmMMqqHGS65C3vvB0YHrgF+B1YmZ3441tMj5n63k0212XNoJwzlhffQw=="],

    "get-tsconfig": ["get-tsconfig@4.13.7", "", { "dependencies": { "resolve-pkg-maps": "^1.0.0" } }, "sha512-7tN6rFgBlMgpBML5j8typ92BKFi2sFQvIdpAqLA2beia5avZDrMs0FLZiM5etShWq5irVyGcGMEA1jcDaK7A/Q=="],

    "glob": ["glob@13.0.6", "", { "dependencies": { "minimatch": "^10.2.2", "minipass": "^7.1.3", "path-scurry": "^2.0.2" } }, "sha512-Wjlyrolmm8uDpm/ogGyXZXb1Z+Ca2B8NbJwqBVg0axK9GbBeoS7yGV6vjXnYdGm6X53iehEuxxbyiKp8QmN4Vw=="],

    "gray-matter": ["gray-matter@4.0.3", "", { "dependencies": { "js-yaml": "^3.13.1", "kind-of": "^6.0.2", "section-matter": "^1.0.0", "strip-bom-string": "^1.0.0" } }, "sha512-5v6yZd4JK3eMI3FqqCouswVqwugaA9r4dNZB1wwcmrD02QkV5H0y7XBQW8QwQqEaZY1pM9aqORSORhJRdNK44Q=="],

    "is-extendable": ["is-extendable@0.1.1", "", {}, "sha512-5BMULNob1vgFX6EjQw5izWDxrecWK9AM72rugNr0TFldMOi0fj6Jk+zeKIt0xGj4cEfQIJth4w3OKWOJ4f+AFw=="],

    "js-yaml": ["js-yaml@3.14.2", "", { "dependencies": { "argparse": "^1.0.7", "esprima": "^4.0.0" }, "bin": "bin/js-yaml.js" }, "sha512-PMSmkqxr106Xa156c2M265Z+FTrPl+oxd/rgOQy2tijQeK5TxQ43psO1ZCwhVOSdnn+RzkzlRz/eY4BgJBYVpg=="],

    "kind-of": ["kind-of@6.0.3", "", {}, "sha512-dcS1ul+9tmeD95T+x28/ehLgd9mENa3LsvDTtzm3vyBEO7RPptvAD+t44WVXaUjTBRcrpFeFlC8WCruUR456hw=="],

    "lru-cache": ["lru-cache@11.2.7", "", {}, "sha512-aY/R+aEsRelme17KGQa/1ZSIpLpNYYrhcrepKTZgE+W3WM16YMCaPwOHLHsmopZHELU0Ojin1lPVxKR0MihncA=="],

    "minimatch": ["minimatch@10.2.5", "", { "dependencies": { "brace-expansion": "^5.0.5" } }, "sha512-MULkVLfKGYDFYejP07QOurDLLQpcjk7Fw+7jXS2R2czRQzR56yHRveU5NDJEOviH+hETZKSkIk5c+T23GjFUMg=="],

    "minipass": ["minipass@7.1.3", "", {}, "sha512-tEBHqDnIoM/1rXME1zgka9g6Q2lcoCkxHLuc7ODJ5BxbP5d4c2Z5cGgtXAku59200Cx7diuHTOYfSBD8n6mm8A=="],

    "oxfmt": ["oxfmt@0.43.0", "", { "dependencies": { "tinypool": "2.1.0" }, "optionalDependencies": { "@oxfmt/binding-android-arm-eabi": "0.43.0", "@oxfmt/binding-android-arm64": "0.43.0", "@oxfmt/binding-darwin-arm64": "0.43.0", "@oxfmt/binding-darwin-x64": "0.43.0", "@oxfmt/binding-freebsd-x64": "0.43.0", "@oxfmt/binding-linux-arm-gnueabihf": "0.43.0", "@oxfmt/binding-linux-arm-musleabihf": "0.43.0", "@oxfmt/binding-linux-arm64-gnu": "0.43.0", "@oxfmt/binding-linux-arm64-musl": "0.43.0", "@oxfmt/binding-linux-ppc64-gnu": "0.43.0", "@oxfmt/binding-linux-riscv64-gnu": "0.43.0", "@oxfmt/binding-linux-riscv64-musl": "0.43.0", "@oxfmt/binding-linux-s390x-gnu": "0.43.0", "@oxfmt/binding-linux-x64-gnu": "0.43.0", "@oxfmt/binding-linux-x64-musl": "0.43.0", "@oxfmt/binding-openharmony-arm64": "0.43.0", "@oxfmt/binding-win32-arm64-msvc": "0.43.0", "@oxfmt/binding-win32-ia32-msvc": "0.43.0", "@oxfmt/binding-win32-x64-msvc": "0.43.0" }, "bin": { "oxfmt": "bin/oxfmt" } }, "sha512-KTYNG5ISfHSdmeZ25Xzb3qgz9EmQvkaGAxgBY/p38+ZiAet3uZeu7FnMwcSQJg152Qwl0wnYAxDc+Z/H6cvrwA=="],

    "package-json-from-dist": ["package-json-from-dist@1.0.1", "", {}, "sha512-UEZIS3/by4OC8vL3P2dTXRETpebLI2NiI5vIrjaD/5UtrkFX/tNbwjTSRAGC/+7CAo2pIcBaRgWmcBBHcsaCIw=="],

    "path-scurry": ["path-scurry@2.0.2", "", { "dependencies": { "lru-cache": "^11.0.0", "minipass": "^7.1.2" } }, "sha512-3O/iVVsJAPsOnpwWIeD+d6z/7PmqApyQePUtCndjatj/9I5LylHvt5qluFaBT3I5h3r1ejfR056c+FCv+NnNXg=="],

    "resolve-pkg-maps": ["resolve-pkg-maps@1.0.0", "", {}, "sha512-seS2Tj26TBVOC2NIc2rOe2y2ZO7efxITtLZcGSOnHHNOQ7CkiUBfw0Iw2ck6xkIhPwLhKNLS8BO+hEpngQlqzw=="],

    "rimraf": ["rimraf@6.1.3", "", { "dependencies": { "glob": "^13.0.3", "package-json-from-dist": "^1.0.1" }, "bin": { "rimraf": "dist/esm/bin.mjs" } }, "sha512-LKg+Cr2ZF61fkcaK1UdkH2yEBBKnYjTyWzTJT6KNPcSPaiT7HSdhtMXQuN5wkTX0Xu72KQ1l8S42rlmexS2hSA=="],

    "section-matter": ["section-matter@1.0.0", "", { "dependencies": { "extend-shallow": "^2.0.1", "kind-of": "^6.0.0" } }, "sha512-vfD3pmTzGpufjScBh50YHKzEu2lxBWhVEHsNGoEXmCmn2hKGfeNLYMzCJpe8cD7gqX7TJluOVpBkAequ6dgMmA=="],

    "sprintf-js": ["sprintf-js@1.0.3", "", {}, "sha512-D9cPgkvLlV3t3IzL0D0YLvGA9Ahk4PcvVwUbN0dSGr1aP0Nrt4AEnTUbuGvquEC0mA64Gqt1fzirlRs5ibXx8g=="],

    "strip-bom-string": ["strip-bom-string@1.0.0", "", {}, "sha512-uCC2VHvQRYu+lMh4My/sFNmF2klFymLX1wHJeXnbEJERpV/ZsVuonzerjfrGpIGF7LBVa1O7i9kjiWvJiFck8g=="],

    "tinypool": ["tinypool@2.1.0", "", {}, "sha512-Pugqs6M0m7Lv1I7FtxN4aoyToKg1C4tu+/381vH35y8oENM/Ai7f7C4StcoK4/+BSw9ebcS8jRiVrORFKCALLw=="],

    "tsx": ["tsx@4.21.0", "", { "dependencies": { "esbuild": "~0.27.0", "get-tsconfig": "^4.7.5" }, "optionalDependencies": { "fsevents": "~2.3.3" }, "bin": "dist/cli.mjs" }, "sha512-5C1sg4USs1lfG0GFb2RLXsdpXqBSEhAaA/0kPL01wxzpMqLILNxIxIOKiILz+cdg/pLnOUxFYOR5yhHU666wbw=="],

    "typescript": ["typescript@5.9.3", "", { "bin": { "tsc": "bin/tsc", "tsserver": "bin/tsserver" } }, "sha512-jl1vZzPDinLr9eUt3J/t7V6FgNEw9QjvBPdysz9KfQDD41fQrC2Y4vKQdiaUpFT4bXlb1RHhLpp8wtm6M5TgSw=="],

    "undici-types": ["undici-types@7.16.0", "", {}, "sha512-Zz+aZWSj8LE6zoxD+xrjh4VfkIG8Ya6LvYkZqtUQGJPZjYl53ypCaUwWqo7eI0x66KBGeRo+mlBEkMSeSZ38Nw=="],

    "zod": ["zod@4.3.6", "", {}, "sha512-rftlrkhHZOcjDwkGlnUtZZkvaPHCsDATp4pGpuOOMDaTdDDXF91wuVDJoWoPsKX/3YPQ5fHuF3STjcYyKr+Qhg=="],

    "zod-to-json-schema": ["zod-to-json-schema@3.25.2", "", { "peerDependencies": { "zod": "^3.25.28 || ^4" } }, "sha512-O/PgfnpT1xKSDeQYSCfRI5Gy3hPf91mKVDuYLUHZJMiDFptvP41MSnWofm8dnCm0256ZNfZIM7DSzuSMAFnjHA=="],
  }
}
